<?xml version="1.0" encoding="UTF-8" standalone="yes" ?>
<CodeBlocks_project_file>
	<FileVersion major="1" minor="6" />
	<Project>
		<Option title="memMgmt" />
		<Option makefile_is_custom="1" />
		<Option pch_mode="2" />
		<Option compiler="gcc" />
		<Build>
			<Target title="commandline_debug">
				<Option output="bin/commandline_debug/memMgmt" prefix_auto="1" extension_auto="1" />
				<Option object_output="obj/Debug/" />
				<Option type="1" />
				<Option compiler="gcc" />
				<Compiler>
					<Add option="-g" />
				</Compiler>
			</Target>
			<Target title="commandline_driver">
				<Option output="bin/commandline_driver/memMgmt" prefix_auto="1" extension_auto="1" />
				<Option object_output="obj/Debug/" />
				<Option type="1" />
				<Option compiler="gcc" />
				<Compiler>
					<Add option="-g" />
				</Compiler>
			</Target>
			<Target title="commandline_capi">
				<Option output="bin/commandline_capi/memMgmt" prefix_auto="1" extension_auto="1" />
				<Option object_output="obj/Debug/" />
				<Option type="1" />
				<Option compiler="gcc" />
				<Compiler>
					<Add option="-g" />
				</Compiler>
			</Target>
			<Target title="commandline_hostmem">
				<Option output="bin/commandline_hostmem/memMgmt" prefix_auto="1" extension_auto="1" />
				<Option object_output="obj/Debug/" />
				<Option type="1" />
				<Option compiler="gcc" />
				<Compiler>
					<Add option="-g" />
				</Compiler>
			</Target>
			<Target title="GUI_debug">
				<Option output="bin/GUI_debug/memMgmt" prefix_auto="1" extension_auto="1" />
				<Option object_output="obj/Debug/" />
				<Option type="1" />
				<Option compiler="gcc" />
				<Compiler>
					<Add option="-g" />
				</Compiler>
			</Target>
			<Target title="GUI_driver">
				<Option output="bin/GUI_driver/memMgmt" prefix_auto="1" extension_auto="1" />
				<Option object_output="obj/Debug/" />
				<Option type="1" />
				<Option compiler="gcc" />
				<Compiler>
					<Add option="-g" />
				</Compiler>
			</Target>
			<Target title="GUI_hostmem">
				<Option output="bin/GUI_hostmem/memMgmt" prefix_auto="1" extension_auto="1" />
				<Option object_output="obj/Debug/" />
				<Option type="1" />
				<Option compiler="gcc" />
				<Compiler>
					<Add option="-g" />
				</Compiler>
			</Target>
			<Target title="fileOutput_driver">
				<Option output="bin/fileOutput_driver/memMgmt" prefix_auto="1" extension_auto="1" />
				<Option object_output="obj/Debug/" />
				<Option type="1" />
				<Option compiler="gcc" />
				<Compiler>
					<Add option="-g" />
				</Compiler>
			</Target>
		</Build>
		<Compiler>
			<Add option="-Wall" />
			<Add option="-fexceptions" />
		</Compiler>
		<Unit filename="CAPI_devFile_uDriver.cpp">
			<Option target="&lt;{~None~}&gt;" />
		</Unit>
		<Unit filename="Fl_Gauge.H">
			<Option target="&lt;{~None~}&gt;" />
		</Unit>
		<Unit filename="Fl_Gauge.cxx">
			<Option target="&lt;{~None~}&gt;" />
		</Unit>
		<Unit filename="Gui.cpp">
			<Option target="&lt;{~None~}&gt;" />
		</Unit>
		<Unit filename="Gui.h">
			<Option target="&lt;{~None~}&gt;" />
		</Unit>
		<Unit filename="Makefile" />
		<Unit filename="diagram_boxes.cpp">
			<Option target="&lt;{~None~}&gt;" />
		</Unit>
		<Unit filename="diagram_boxes.h">
			<Option target="&lt;{~None~}&gt;" />
		</Unit>
		<Unit filename="hostmem_uDriver.cpp" />
		<Unit filename="main.cpp" />
		<Unit filename="memManager.cpp" />
		<Unit filename="memManager.h" />
		<Unit filename="no_hw_uDriver.cpp" />
		<Unit filename="uDriver.cpp">
			<Option target="&lt;{~None~}&gt;" />
		</Unit>
		<Unit filename="uDriver.h" />
		<Extensions>
			<code_completion />
			<envvars />
			<debugger />
			<lib_finder disable_auto="1" />
		</Extensions>
	</Project>
</CodeBlocks_project_file>
